// !$*UTF8*$!
{
	archiveVersion = 1;
	classes = {
	};
	objectVersion = 46;
	objects = {

/* Begin PBXBuildFile section */
		63118C1C1B5D369300C64B13 /* NewMenuViewController.swift in Sources */ = {isa = PBXBuildFile; fileRef = 63118C1B1B5D369200C64B13 /* NewMenuViewController.swift */; };
		63118C1E1B5D369B00C64B13 /* CupsCollectionViewController.swift in Sources */ = {isa = PBXBuildFile; fileRef = 63118C1D1B5D369B00C64B13 /* CupsCollectionViewController.swift */; };
		63118C201B5D36C000C64B13 /* GlassesViewController.swift in Sources */ = {isa = PBXBuildFile; fileRef = 63118C1F1B5D36C000C64B13 /* GlassesViewController.swift */; };
		63118C4A1B5D392600C64B13 /* GlassesCollectionViewCell.swift in Sources */ = {isa = PBXBuildFile; fileRef = 63118C491B5D392600C64B13 /* GlassesCollectionViewCell.swift */; };
		6357273A1B50A31F00F80934 /* MenuCollectionViewCell.swift in Sources */ = {isa = PBXBuildFile; fileRef = 635727391B50A31F00F80934 /* MenuCollectionViewCell.swift */; };
		635727431B549AE600F80934 /* CategoryCollectionViewCell.swift in Sources */ = {isa = PBXBuildFile; fileRef = 635727421B549AE600F80934 /* CategoryCollectionViewCell.swift */; };
		635727451B549DD500F80934 /* TutorialCollectionViewCell.swift in Sources */ = {isa = PBXBuildFile; fileRef = 635727441B549DD500F80934 /* TutorialCollectionViewCell.swift */; };
		635727471B549E0900F80934 /* TutorialCollectionViewController.swift in Sources */ = {isa = PBXBuildFile; fileRef = 635727461B549E0900F80934 /* TutorialCollectionViewController.swift */; };
		6357274B1B549E7100F80934 /* FoodsCollectionViewController.swift in Sources */ = {isa = PBXBuildFile; fileRef = 6357274A1B549E7100F80934 /* FoodsCollectionViewController.swift */; };
		6357274F1B549EDB00F80934 /* FoodsCollectionViewCell.swift in Sources */ = {isa = PBXBuildFile; fileRef = 6357274E1B549EDB00F80934 /* FoodsCollectionViewCell.swift */; };
		6378222A1B593C7200163D75 /* bubble.mp3 in Resources */ = {isa = PBXBuildFile; fileRef = 637822291B593C7200163D75 /* bubble.mp3 */; };
		673838F61B4EF604003468AE /* ParseManager.swift in Sources */ = {isa = PBXBuildFile; fileRef = 673838F51B4EF604003468AE /* ParseManager.swift */; };
		673B0B151B57E17600493344 /* CategotyViewController.swift in Sources */ = {isa = PBXBuildFile; fileRef = 673B0B141B57E17600493344 /* CategotyViewController.swift */; };
		673B0B1B1B590B6C00493344 /* GlassViewController.swift in Sources */ = {isa = PBXBuildFile; fileRef = 673B0B1A1B590B6C00493344 /* GlassViewController.swift */; };
		673B0B1D1B590B8000493344 /* GlassCollectionViewCell.swift in Sources */ = {isa = PBXBuildFile; fileRef = 673B0B1C1B590B8000493344 /* GlassCollectionViewCell.swift */; };
		673B0B1F1B59219D00493344 /* GlassDetailViewController.swift in Sources */ = {isa = PBXBuildFile; fileRef = 673B0B1E1B59219D00493344 /* GlassDetailViewController.swift */; };
		673B0B211B59352800493344 /* UIViewController+Gradient.swift in Sources */ = {isa = PBXBuildFile; fileRef = 673B0B201B59352800493344 /* UIViewController+Gradient.swift */; };
		674272471B553A520018D7EC /* FatherStyleViewController.swift in Sources */ = {isa = PBXBuildFile; fileRef = 674272461B553A520018D7EC /* FatherStyleViewController.swift */; };
		674272491B557A7E0018D7EC /* StyleTableViewController.swift in Sources */ = {isa = PBXBuildFile; fileRef = 674272481B557A7E0018D7EC /* StyleTableViewController.swift */; };
		6742724B1B557F220018D7EC /* StyleDetailViewController.swift in Sources */ = {isa = PBXBuildFile; fileRef = 6742724A1B557F220018D7EC /* StyleDetailViewController.swift */; };
		67806DF41B4DB50000904925 /* Bolts.framework in Frameworks */ = {isa = PBXBuildFile; fileRef = 67806DEE1B4DB50000904925 /* Bolts.framework */; };
		67806DF51B4DB50000904925 /* Parse.framework in Frameworks */ = {isa = PBXBuildFile; fileRef = 67806DEF1B4DB50000904925 /* Parse.framework */; };
		67806DF61B4DB50000904925 /* ParseCrashReporting.framework in Frameworks */ = {isa = PBXBuildFile; fileRef = 67806DF01B4DB50000904925 /* ParseCrashReporting.framework */; };
		67806DF71B4DB50000904925 /* ParseFacebookUtils.framework in Frameworks */ = {isa = PBXBuildFile; fileRef = 67806DF11B4DB50000904925 /* ParseFacebookUtils.framework */; };
		67806DF81B4DB50000904925 /* ParseFacebookUtilsV4.framework in Frameworks */ = {isa = PBXBuildFile; fileRef = 67806DF21B4DB50000904925 /* ParseFacebookUtilsV4.framework */; };
		67806DF91B4DB50000904925 /* ParseUI.framework in Frameworks */ = {isa = PBXBuildFile; fileRef = 67806DF31B4DB50000904925 /* ParseUI.framework */; };
		67806DFB1B4DB5FD00904925 /* AudioToolbox.framework in Frameworks */ = {isa = PBXBuildFile; fileRef = 67806DFA1B4DB5FD00904925 /* AudioToolbox.framework */; };
		67806DFD1B4DB60C00904925 /* CFNetwork.framework in Frameworks */ = {isa = PBXBuildFile; fileRef = 67806DFC1B4DB60C00904925 /* CFNetwork.framework */; };
		67806DFF1B4DB61900904925 /* CoreGraphics.framework in Frameworks */ = {isa = PBXBuildFile; fileRef = 67806DFE1B4DB61900904925 /* CoreGraphics.framework */; };
		67806E011B4DB62800904925 /* CoreLocation.framework in Frameworks */ = {isa = PBXBuildFile; fileRef = 67806E001B4DB62800904925 /* CoreLocation.framework */; };
		67806E031B4DB63300904925 /* MobileCoreServices.framework in Frameworks */ = {isa = PBXBuildFile; fileRef = 67806E021B4DB63300904925 /* MobileCoreServices.framework */; };
		67806E051B4DB63F00904925 /* QuartzCore.framework in Frameworks */ = {isa = PBXBuildFile; fileRef = 67806E041B4DB63F00904925 /* QuartzCore.framework */; };
		67806E071B4DB64C00904925 /* Security.framework in Frameworks */ = {isa = PBXBuildFile; fileRef = 67806E061B4DB64C00904925 /* Security.framework */; };
		67806E091B4DB66800904925 /* StoreKit.framework in Frameworks */ = {isa = PBXBuildFile; fileRef = 67806E081B4DB66800904925 /* StoreKit.framework */; };
		67806E0B1B4DB7A800904925 /* SystemConfiguration.framework in Frameworks */ = {isa = PBXBuildFile; fileRef = 67806E0A1B4DB7A800904925 /* SystemConfiguration.framework */; };
		67806E0D1B4DB7BC00904925 /* libz.dylib in Frameworks */ = {isa = PBXBuildFile; fileRef = 67806E0C1B4DB7BC00904925 /* libz.dylib */; };
		67806E0F1B4DB7C800904925 /* libsqlite3.dylib in Frameworks */ = {isa = PBXBuildFile; fileRef = 67806E0E1B4DB7C800904925 /* libsqlite3.dylib */; };
<<<<<<< HEAD
=======
		679F465F1B5CFE82002CC18C /* NewMenuViewController.swift in Sources */ = {isa = PBXBuildFile; fileRef = 679F465E1B5CFE82002CC18C /* NewMenuViewController.swift */; };
		679F46611B5D519B002CC18C /* SearchTableViewCell.swift in Sources */ = {isa = PBXBuildFile; fileRef = 679F46601B5D519B002CC18C /* SearchTableViewCell.swift */; };
>>>>>>> 7ee38e1c0f03beb40d3b0e20a6f30147d803db86
		853CB3581B4AD24200DE27A5 /* AppDelegate.swift in Sources */ = {isa = PBXBuildFile; fileRef = 853CB3571B4AD24200DE27A5 /* AppDelegate.swift */; };
		853CB3601B4AD24200DE27A5 /* Main.storyboard in Resources */ = {isa = PBXBuildFile; fileRef = 853CB35E1B4AD24200DE27A5 /* Main.storyboard */; };
		853CB3621B4AD24200DE27A5 /* Images.xcassets in Resources */ = {isa = PBXBuildFile; fileRef = 853CB3611B4AD24200DE27A5 /* Images.xcassets */; };
		853CB3651B4AD24200DE27A5 /* LaunchScreen.xib in Resources */ = {isa = PBXBuildFile; fileRef = 853CB3631B4AD24200DE27A5 /* LaunchScreen.xib */; };
		853CB3711B4AD24200DE27A5 /* BeerStylesTests.swift in Sources */ = {isa = PBXBuildFile; fileRef = 853CB3701B4AD24200DE27A5 /* BeerStylesTests.swift */; };
		858D535E1B599BE30044F1C7 /* Info.plist in Resources */ = {isa = PBXBuildFile; fileRef = 853CB36F1B4AD24200DE27A5 /* Info.plist */; };
		858D53641B5D57770044F1C7 /* Localizable.strings in Resources */ = {isa = PBXBuildFile; fileRef = 858D53631B5D57770044F1C7 /* Localizable.strings */; };
		858D536C1B5D749C0044F1C7 /* Lobster 1.4 merged and optimized.vfb in Resources */ = {isa = PBXBuildFile; fileRef = 858D53671B5D749C0044F1C7 /* Lobster 1.4 merged and optimized.vfb */; };
		858D536D1B5D749C0044F1C7 /* LobsterSource.vfb in Resources */ = {isa = PBXBuildFile; fileRef = 858D53681B5D749C0044F1C7 /* LobsterSource.vfb */; };
		858D536E1B5D749C0044F1C7 /* License.txt in Resources */ = {isa = PBXBuildFile; fileRef = 858D53691B5D749C0044F1C7 /* License.txt */; };
		858D536F1B5D749C0044F1C7 /* Lobster 1.4.otf in Resources */ = {isa = PBXBuildFile; fileRef = 858D536A1B5D749C0044F1C7 /* Lobster 1.4.otf */; };
		858D53701B5D749C0044F1C7 /* Readme.txt in Resources */ = {isa = PBXBuildFile; fileRef = 858D536B1B5D749C0044F1C7 /* Readme.txt */; };
		858D53721B5D811E0044F1C7 /* Chunkfive.otf in Resources */ = {isa = PBXBuildFile; fileRef = 858D53711B5D81180044F1C7 /* Chunkfive.otf */; };
		D26E14971B5947850097F975 /* SearchDisplayViewController.swift in Sources */ = {isa = PBXBuildFile; fileRef = D26E14961B5947850097F975 /* SearchDisplayViewController.swift */; };
		D2F3EA0F1B57F407003D1B14 /* MenuViewController.swift in Sources */ = {isa = PBXBuildFile; fileRef = D2F3EA0E1B57F407003D1B14 /* MenuViewController.swift */; };
/* End PBXBuildFile section */

/* Begin PBXContainerItemProxy section */
		853CB36B1B4AD24200DE27A5 /* PBXContainerItemProxy */ = {
			isa = PBXContainerItemProxy;
			containerPortal = 853CB34A1B4AD24100DE27A5 /* Project object */;
			proxyType = 1;
			remoteGlobalIDString = 853CB3511B4AD24200DE27A5;
			remoteInfo = BeerStyles;
		};
/* End PBXContainerItemProxy section */

/* Begin PBXFileReference section */
		63118C1B1B5D369200C64B13 /* NewMenuViewController.swift */ = {isa = PBXFileReference; fileEncoding = 4; lastKnownFileType = sourcecode.swift; path = NewMenuViewController.swift; sourceTree = "<group>"; };
		63118C1D1B5D369B00C64B13 /* CupsCollectionViewController.swift */ = {isa = PBXFileReference; fileEncoding = 4; lastKnownFileType = sourcecode.swift; path = CupsCollectionViewController.swift; sourceTree = "<group>"; };
		63118C1F1B5D36C000C64B13 /* GlassesViewController.swift */ = {isa = PBXFileReference; fileEncoding = 4; lastKnownFileType = sourcecode.swift; path = GlassesViewController.swift; sourceTree = "<group>"; };
		63118C491B5D392600C64B13 /* GlassesCollectionViewCell.swift */ = {isa = PBXFileReference; fileEncoding = 4; lastKnownFileType = sourcecode.swift; path = GlassesCollectionViewCell.swift; sourceTree = "<group>"; };
		635727391B50A31F00F80934 /* MenuCollectionViewCell.swift */ = {isa = PBXFileReference; fileEncoding = 4; lastKnownFileType = sourcecode.swift; path = MenuCollectionViewCell.swift; sourceTree = "<group>"; };
		635727421B549AE600F80934 /* CategoryCollectionViewCell.swift */ = {isa = PBXFileReference; fileEncoding = 4; lastKnownFileType = sourcecode.swift; path = CategoryCollectionViewCell.swift; sourceTree = "<group>"; };
		635727441B549DD500F80934 /* TutorialCollectionViewCell.swift */ = {isa = PBXFileReference; fileEncoding = 4; lastKnownFileType = sourcecode.swift; path = TutorialCollectionViewCell.swift; sourceTree = "<group>"; };
		635727461B549E0900F80934 /* TutorialCollectionViewController.swift */ = {isa = PBXFileReference; fileEncoding = 4; lastKnownFileType = sourcecode.swift; path = TutorialCollectionViewController.swift; sourceTree = "<group>"; };
		6357274A1B549E7100F80934 /* FoodsCollectionViewController.swift */ = {isa = PBXFileReference; fileEncoding = 4; lastKnownFileType = sourcecode.swift; path = FoodsCollectionViewController.swift; sourceTree = "<group>"; };
		6357274E1B549EDB00F80934 /* FoodsCollectionViewCell.swift */ = {isa = PBXFileReference; fileEncoding = 4; lastKnownFileType = sourcecode.swift; path = FoodsCollectionViewCell.swift; sourceTree = "<group>"; };
		637822291B593C7200163D75 /* bubble.mp3 */ = {isa = PBXFileReference; lastKnownFileType = audio.mp3; path = bubble.mp3; sourceTree = "<group>"; };
		673838F51B4EF604003468AE /* ParseManager.swift */ = {isa = PBXFileReference; fileEncoding = 4; lastKnownFileType = sourcecode.swift; name = ParseManager.swift; path = ../BeerStyles/ParseManager.swift; sourceTree = "<group>"; };
		673B0B141B57E17600493344 /* CategotyViewController.swift */ = {isa = PBXFileReference; fileEncoding = 4; lastKnownFileType = sourcecode.swift; path = CategotyViewController.swift; sourceTree = "<group>"; };
		673B0B1A1B590B6C00493344 /* GlassViewController.swift */ = {isa = PBXFileReference; fileEncoding = 4; lastKnownFileType = sourcecode.swift; name = GlassViewController.swift; path = BeerStyles/GlassViewController.swift; sourceTree = SOURCE_ROOT; };
		673B0B1C1B590B8000493344 /* GlassCollectionViewCell.swift */ = {isa = PBXFileReference; fileEncoding = 4; lastKnownFileType = sourcecode.swift; name = GlassCollectionViewCell.swift; path = Views/GlassCollectionViewCell.swift; sourceTree = SOURCE_ROOT; };
		673B0B1E1B59219D00493344 /* GlassDetailViewController.swift */ = {isa = PBXFileReference; fileEncoding = 4; lastKnownFileType = sourcecode.swift; name = GlassDetailViewController.swift; path = ../BeerStyles/GlassDetailViewController.swift; sourceTree = "<group>"; };
		673B0B201B59352800493344 /* UIViewController+Gradient.swift */ = {isa = PBXFileReference; fileEncoding = 4; lastKnownFileType = sourcecode.swift; path = "UIViewController+Gradient.swift"; sourceTree = "<group>"; };
		674272461B553A520018D7EC /* FatherStyleViewController.swift */ = {isa = PBXFileReference; fileEncoding = 4; lastKnownFileType = sourcecode.swift; path = FatherStyleViewController.swift; sourceTree = "<group>"; };
		674272481B557A7E0018D7EC /* StyleTableViewController.swift */ = {isa = PBXFileReference; fileEncoding = 4; lastKnownFileType = sourcecode.swift; name = StyleTableViewController.swift; path = Controllers/StyleTableViewController.swift; sourceTree = SOURCE_ROOT; };
		6742724A1B557F220018D7EC /* StyleDetailViewController.swift */ = {isa = PBXFileReference; fileEncoding = 4; lastKnownFileType = sourcecode.swift; name = StyleDetailViewController.swift; path = Controllers/StyleDetailViewController.swift; sourceTree = SOURCE_ROOT; };
		67806DEE1B4DB50000904925 /* Bolts.framework */ = {isa = PBXFileReference; lastKnownFileType = wrapper.framework; path = Bolts.framework; sourceTree = "<group>"; };
		67806DEF1B4DB50000904925 /* Parse.framework */ = {isa = PBXFileReference; lastKnownFileType = wrapper.framework; path = Parse.framework; sourceTree = "<group>"; };
		67806DF01B4DB50000904925 /* ParseCrashReporting.framework */ = {isa = PBXFileReference; lastKnownFileType = wrapper.framework; path = ParseCrashReporting.framework; sourceTree = "<group>"; };
		67806DF11B4DB50000904925 /* ParseFacebookUtils.framework */ = {isa = PBXFileReference; lastKnownFileType = wrapper.framework; path = ParseFacebookUtils.framework; sourceTree = "<group>"; };
		67806DF21B4DB50000904925 /* ParseFacebookUtilsV4.framework */ = {isa = PBXFileReference; lastKnownFileType = wrapper.framework; path = ParseFacebookUtilsV4.framework; sourceTree = "<group>"; };
		67806DF31B4DB50000904925 /* ParseUI.framework */ = {isa = PBXFileReference; lastKnownFileType = wrapper.framework; path = ParseUI.framework; sourceTree = "<group>"; };
		67806DFA1B4DB5FD00904925 /* AudioToolbox.framework */ = {isa = PBXFileReference; lastKnownFileType = wrapper.framework; name = AudioToolbox.framework; path = System/Library/Frameworks/AudioToolbox.framework; sourceTree = SDKROOT; };
		67806DFC1B4DB60C00904925 /* CFNetwork.framework */ = {isa = PBXFileReference; lastKnownFileType = wrapper.framework; name = CFNetwork.framework; path = System/Library/Frameworks/CFNetwork.framework; sourceTree = SDKROOT; };
		67806DFE1B4DB61900904925 /* CoreGraphics.framework */ = {isa = PBXFileReference; lastKnownFileType = wrapper.framework; name = CoreGraphics.framework; path = System/Library/Frameworks/CoreGraphics.framework; sourceTree = SDKROOT; };
		67806E001B4DB62800904925 /* CoreLocation.framework */ = {isa = PBXFileReference; lastKnownFileType = wrapper.framework; name = CoreLocation.framework; path = System/Library/Frameworks/CoreLocation.framework; sourceTree = SDKROOT; };
		67806E021B4DB63300904925 /* MobileCoreServices.framework */ = {isa = PBXFileReference; lastKnownFileType = wrapper.framework; name = MobileCoreServices.framework; path = System/Library/Frameworks/MobileCoreServices.framework; sourceTree = SDKROOT; };
		67806E041B4DB63F00904925 /* QuartzCore.framework */ = {isa = PBXFileReference; lastKnownFileType = wrapper.framework; name = QuartzCore.framework; path = System/Library/Frameworks/QuartzCore.framework; sourceTree = SDKROOT; };
		67806E061B4DB64C00904925 /* Security.framework */ = {isa = PBXFileReference; lastKnownFileType = wrapper.framework; name = Security.framework; path = System/Library/Frameworks/Security.framework; sourceTree = SDKROOT; };
		67806E081B4DB66800904925 /* StoreKit.framework */ = {isa = PBXFileReference; lastKnownFileType = wrapper.framework; name = StoreKit.framework; path = System/Library/Frameworks/StoreKit.framework; sourceTree = SDKROOT; };
		67806E0A1B4DB7A800904925 /* SystemConfiguration.framework */ = {isa = PBXFileReference; lastKnownFileType = wrapper.framework; name = SystemConfiguration.framework; path = System/Library/Frameworks/SystemConfiguration.framework; sourceTree = SDKROOT; };
		67806E0C1B4DB7BC00904925 /* libz.dylib */ = {isa = PBXFileReference; lastKnownFileType = "compiled.mach-o.dylib"; name = libz.dylib; path = usr/lib/libz.dylib; sourceTree = SDKROOT; };
		67806E0E1B4DB7C800904925 /* libsqlite3.dylib */ = {isa = PBXFileReference; lastKnownFileType = "compiled.mach-o.dylib"; name = libsqlite3.dylib; path = usr/lib/libsqlite3.dylib; sourceTree = SDKROOT; };
<<<<<<< HEAD
=======
		679F465E1B5CFE82002CC18C /* NewMenuViewController.swift */ = {isa = PBXFileReference; fileEncoding = 4; lastKnownFileType = sourcecode.swift; path = NewMenuViewController.swift; sourceTree = "<group>"; };
		679F46601B5D519B002CC18C /* SearchTableViewCell.swift */ = {isa = PBXFileReference; fileEncoding = 4; lastKnownFileType = sourcecode.swift; path = SearchTableViewCell.swift; sourceTree = "<group>"; };
>>>>>>> 7ee38e1c0f03beb40d3b0e20a6f30147d803db86
		853CB3521B4AD24200DE27A5 /* BeerStyles.app */ = {isa = PBXFileReference; explicitFileType = wrapper.application; includeInIndex = 0; path = BeerStyles.app; sourceTree = BUILT_PRODUCTS_DIR; };
		853CB3561B4AD24200DE27A5 /* Info.plist */ = {isa = PBXFileReference; lastKnownFileType = text.plist.xml; path = Info.plist; sourceTree = "<group>"; };
		853CB3571B4AD24200DE27A5 /* AppDelegate.swift */ = {isa = PBXFileReference; lastKnownFileType = sourcecode.swift; path = AppDelegate.swift; sourceTree = "<group>"; };
		853CB35F1B4AD24200DE27A5 /* Base */ = {isa = PBXFileReference; lastKnownFileType = file.storyboard; name = Base; path = Base.lproj/Main.storyboard; sourceTree = "<group>"; };
		853CB3611B4AD24200DE27A5 /* Images.xcassets */ = {isa = PBXFileReference; lastKnownFileType = folder.assetcatalog; path = Images.xcassets; sourceTree = "<group>"; };
		853CB3641B4AD24200DE27A5 /* Base */ = {isa = PBXFileReference; lastKnownFileType = file.xib; name = Base; path = Base.lproj/LaunchScreen.xib; sourceTree = "<group>"; };
		853CB36A1B4AD24200DE27A5 /* BeerStylesTests.xctest */ = {isa = PBXFileReference; explicitFileType = wrapper.cfbundle; includeInIndex = 0; path = BeerStylesTests.xctest; sourceTree = BUILT_PRODUCTS_DIR; };
		853CB36F1B4AD24200DE27A5 /* Info.plist */ = {isa = PBXFileReference; lastKnownFileType = text.plist.xml; path = Info.plist; sourceTree = "<group>"; };
		853CB3701B4AD24200DE27A5 /* BeerStylesTests.swift */ = {isa = PBXFileReference; lastKnownFileType = sourcecode.swift; path = BeerStylesTests.swift; sourceTree = "<group>"; };
		858D535F1B599C910044F1C7 /* pt */ = {isa = PBXFileReference; lastKnownFileType = text.plist.strings; name = pt; path = pt.lproj/Main.strings; sourceTree = "<group>"; };
		858D53601B599C920044F1C7 /* pt */ = {isa = PBXFileReference; lastKnownFileType = text.plist.strings; name = pt; path = pt.lproj/LaunchScreen.strings; sourceTree = "<group>"; };
		858D53631B5D57770044F1C7 /* Localizable.strings */ = {isa = PBXFileReference; fileEncoding = 4; lastKnownFileType = text.plist.strings; path = Localizable.strings; sourceTree = "<group>"; };
		858D53671B5D749C0044F1C7 /* Lobster 1.4 merged and optimized.vfb */ = {isa = PBXFileReference; lastKnownFileType = file; path = "Lobster 1.4 merged and optimized.vfb"; sourceTree = "<group>"; };
		858D53681B5D749C0044F1C7 /* LobsterSource.vfb */ = {isa = PBXFileReference; lastKnownFileType = file; path = LobsterSource.vfb; sourceTree = "<group>"; };
		858D53691B5D749C0044F1C7 /* License.txt */ = {isa = PBXFileReference; fileEncoding = 4; lastKnownFileType = text; path = License.txt; sourceTree = "<group>"; };
		858D536A1B5D749C0044F1C7 /* Lobster 1.4.otf */ = {isa = PBXFileReference; lastKnownFileType = file; path = "Lobster 1.4.otf"; sourceTree = "<group>"; };
		858D536B1B5D749C0044F1C7 /* Readme.txt */ = {isa = PBXFileReference; fileEncoding = 4; lastKnownFileType = text; path = Readme.txt; sourceTree = "<group>"; };
		858D53711B5D81180044F1C7 /* Chunkfive.otf */ = {isa = PBXFileReference; lastKnownFileType = file; path = Chunkfive.otf; sourceTree = "<group>"; };
		D26E14961B5947850097F975 /* SearchDisplayViewController.swift */ = {isa = PBXFileReference; fileEncoding = 4; lastKnownFileType = sourcecode.swift; path = SearchDisplayViewController.swift; sourceTree = "<group>"; };
		D2F3EA0E1B57F407003D1B14 /* MenuViewController.swift */ = {isa = PBXFileReference; fileEncoding = 4; lastKnownFileType = sourcecode.swift; path = MenuViewController.swift; sourceTree = "<group>"; };
/* End PBXFileReference section */

/* Begin PBXFrameworksBuildPhase section */
		853CB34F1B4AD24200DE27A5 /* Frameworks */ = {
			isa = PBXFrameworksBuildPhase;
			buildActionMask = 2147483647;
			files = (
				67806E0F1B4DB7C800904925 /* libsqlite3.dylib in Frameworks */,
				67806E0D1B4DB7BC00904925 /* libz.dylib in Frameworks */,
				67806E0B1B4DB7A800904925 /* SystemConfiguration.framework in Frameworks */,
				67806E091B4DB66800904925 /* StoreKit.framework in Frameworks */,
				67806E071B4DB64C00904925 /* Security.framework in Frameworks */,
				67806E051B4DB63F00904925 /* QuartzCore.framework in Frameworks */,
				67806E031B4DB63300904925 /* MobileCoreServices.framework in Frameworks */,
				67806E011B4DB62800904925 /* CoreLocation.framework in Frameworks */,
				67806DFF1B4DB61900904925 /* CoreGraphics.framework in Frameworks */,
				67806DFD1B4DB60C00904925 /* CFNetwork.framework in Frameworks */,
				67806DFB1B4DB5FD00904925 /* AudioToolbox.framework in Frameworks */,
				67806DF91B4DB50000904925 /* ParseUI.framework in Frameworks */,
				67806DF51B4DB50000904925 /* Parse.framework in Frameworks */,
				67806DF61B4DB50000904925 /* ParseCrashReporting.framework in Frameworks */,
				67806DF71B4DB50000904925 /* ParseFacebookUtils.framework in Frameworks */,
				67806DF41B4DB50000904925 /* Bolts.framework in Frameworks */,
				67806DF81B4DB50000904925 /* ParseFacebookUtilsV4.framework in Frameworks */,
			);
			runOnlyForDeploymentPostprocessing = 0;
		};
		853CB3671B4AD24200DE27A5 /* Frameworks */ = {
			isa = PBXFrameworksBuildPhase;
			buildActionMask = 2147483647;
			files = (
			);
			runOnlyForDeploymentPostprocessing = 0;
		};
/* End PBXFrameworksBuildPhase section */

/* Begin PBXGroup section */
		6357272E1B4EC43E00F80934 /* Controllers */ = {
			isa = PBXGroup;
			children = (
				D2F3EA0E1B57F407003D1B14 /* MenuViewController.swift */,
<<<<<<< HEAD
=======
				679F465E1B5CFE82002CC18C /* NewMenuViewController.swift */,
				679F46601B5D519B002CC18C /* SearchTableViewCell.swift */,
>>>>>>> 7ee38e1c0f03beb40d3b0e20a6f30147d803db86
				673B0B141B57E17600493344 /* CategotyViewController.swift */,
				673B0B1A1B590B6C00493344 /* GlassViewController.swift */,
				635727461B549E0900F80934 /* TutorialCollectionViewController.swift */,
				6357274A1B549E7100F80934 /* FoodsCollectionViewController.swift */,
				674272461B553A520018D7EC /* FatherStyleViewController.swift */,
				63118C1B1B5D369200C64B13 /* NewMenuViewController.swift */,
				674272481B557A7E0018D7EC /* StyleTableViewController.swift */,
				63118C1F1B5D36C000C64B13 /* GlassesViewController.swift */,
				6742724A1B557F220018D7EC /* StyleDetailViewController.swift */,
				63118C1D1B5D369B00C64B13 /* CupsCollectionViewController.swift */,
				673B0B1E1B59219D00493344 /* GlassDetailViewController.swift */,
				673838F51B4EF604003468AE /* ParseManager.swift */,
				D26E14961B5947850097F975 /* SearchDisplayViewController.swift */,
			);
			name = Controllers;
			path = ../Controllers;
			sourceTree = "<group>";
		};
		6357272F1B4EC44C00F80934 /* Views */ = {
			isa = PBXGroup;
			children = (
				635727391B50A31F00F80934 /* MenuCollectionViewCell.swift */,
				635727421B549AE600F80934 /* CategoryCollectionViewCell.swift */,
				635727441B549DD500F80934 /* TutorialCollectionViewCell.swift */,
				63118C491B5D392600C64B13 /* GlassesCollectionViewCell.swift */,
				6357274E1B549EDB00F80934 /* FoodsCollectionViewCell.swift */,
				673B0B1C1B590B8000493344 /* GlassCollectionViewCell.swift */,
			);
			name = Views;
			path = ../Views;
			sourceTree = "<group>";
		};
		67806DED1B4DB50000904925 /* parseFramework */ = {
			isa = PBXGroup;
			children = (
				67806DEE1B4DB50000904925 /* Bolts.framework */,
				67806DEF1B4DB50000904925 /* Parse.framework */,
				67806DF01B4DB50000904925 /* ParseCrashReporting.framework */,
				67806DF11B4DB50000904925 /* ParseFacebookUtils.framework */,
				67806DF21B4DB50000904925 /* ParseFacebookUtilsV4.framework */,
				67806DF31B4DB50000904925 /* ParseUI.framework */,
			);
			path = parseFramework;
			sourceTree = "<group>";
		};
		67806E101B4DB7E100904925 /* Framework */ = {
			isa = PBXGroup;
			children = (
				67806E0E1B4DB7C800904925 /* libsqlite3.dylib */,
				67806E0C1B4DB7BC00904925 /* libz.dylib */,
				67806E0A1B4DB7A800904925 /* SystemConfiguration.framework */,
				67806E081B4DB66800904925 /* StoreKit.framework */,
				67806E061B4DB64C00904925 /* Security.framework */,
				67806E041B4DB63F00904925 /* QuartzCore.framework */,
				67806E021B4DB63300904925 /* MobileCoreServices.framework */,
				67806E001B4DB62800904925 /* CoreLocation.framework */,
				67806DFE1B4DB61900904925 /* CoreGraphics.framework */,
				67806DFC1B4DB60C00904925 /* CFNetwork.framework */,
				67806DFA1B4DB5FD00904925 /* AudioToolbox.framework */,
			);
			name = Framework;
			sourceTree = "<group>";
		};
		853CB3491B4AD24100DE27A5 = {
			isa = PBXGroup;
			children = (
				858D53631B5D57770044F1C7 /* Localizable.strings */,
				673B0B201B59352800493344 /* UIViewController+Gradient.swift */,
				67806E101B4DB7E100904925 /* Framework */,
				67806DED1B4DB50000904925 /* parseFramework */,
				853CB3541B4AD24200DE27A5 /* BeerStyles */,
				853CB36D1B4AD24200DE27A5 /* BeerStylesTests */,
				853CB3531B4AD24200DE27A5 /* Products */,
			);
			sourceTree = "<group>";
		};
		853CB3531B4AD24200DE27A5 /* Products */ = {
			isa = PBXGroup;
			children = (
				853CB3521B4AD24200DE27A5 /* BeerStyles.app */,
				853CB36A1B4AD24200DE27A5 /* BeerStylesTests.xctest */,
			);
			name = Products;
			sourceTree = "<group>";
		};
		853CB3541B4AD24200DE27A5 /* BeerStyles */ = {
			isa = PBXGroup;
			children = (
				6357272F1B4EC44C00F80934 /* Views */,
				6357272E1B4EC43E00F80934 /* Controllers */,
				853CB3571B4AD24200DE27A5 /* AppDelegate.swift */,
				853CB35E1B4AD24200DE27A5 /* Main.storyboard */,
				853CB3611B4AD24200DE27A5 /* Images.xcassets */,
				853CB3631B4AD24200DE27A5 /* LaunchScreen.xib */,
				853CB3551B4AD24200DE27A5 /* Supporting Files */,
			);
			path = BeerStyles;
			sourceTree = "<group>";
		};
		853CB3551B4AD24200DE27A5 /* Supporting Files */ = {
			isa = PBXGroup;
			children = (
				858D53651B5D749C0044F1C7 /* lobster */,
				637822291B593C7200163D75 /* bubble.mp3 */,
				853CB3561B4AD24200DE27A5 /* Info.plist */,
			);
			name = "Supporting Files";
			sourceTree = "<group>";
		};
		853CB36D1B4AD24200DE27A5 /* BeerStylesTests */ = {
			isa = PBXGroup;
			children = (
				853CB3701B4AD24200DE27A5 /* BeerStylesTests.swift */,
				853CB36E1B4AD24200DE27A5 /* Supporting Files */,
			);
			path = BeerStylesTests;
			sourceTree = "<group>";
		};
		853CB36E1B4AD24200DE27A5 /* Supporting Files */ = {
			isa = PBXGroup;
			children = (
				853CB36F1B4AD24200DE27A5 /* Info.plist */,
			);
			name = "Supporting Files";
			sourceTree = "<group>";
		};
		858D53651B5D749C0044F1C7 /* lobster */ = {
			isa = PBXGroup;
			children = (
				858D53661B5D749C0044F1C7 /* Font Lab Source */,
				858D53691B5D749C0044F1C7 /* License.txt */,
				858D536A1B5D749C0044F1C7 /* Lobster 1.4.otf */,
				858D536B1B5D749C0044F1C7 /* Readme.txt */,
			);
			name = lobster;
			path = ../lobster;
			sourceTree = "<group>";
		};
		858D53661B5D749C0044F1C7 /* Font Lab Source */ = {
			isa = PBXGroup;
			children = (
				858D53711B5D81180044F1C7 /* Chunkfive.otf */,
				858D53671B5D749C0044F1C7 /* Lobster 1.4 merged and optimized.vfb */,
				858D53681B5D749C0044F1C7 /* LobsterSource.vfb */,
			);
			path = "Font Lab Source";
			sourceTree = "<group>";
		};
/* End PBXGroup section */

/* Begin PBXNativeTarget section */
		853CB3511B4AD24200DE27A5 /* BeerStyles */ = {
			isa = PBXNativeTarget;
			buildConfigurationList = 853CB3741B4AD24200DE27A5 /* Build configuration list for PBXNativeTarget "BeerStyles" */;
			buildPhases = (
				853CB34E1B4AD24200DE27A5 /* Sources */,
				853CB34F1B4AD24200DE27A5 /* Frameworks */,
				853CB3501B4AD24200DE27A5 /* Resources */,
			);
			buildRules = (
			);
			dependencies = (
			);
			name = BeerStyles;
			productName = BeerStyles;
			productReference = 853CB3521B4AD24200DE27A5 /* BeerStyles.app */;
			productType = "com.apple.product-type.application";
		};
		853CB3691B4AD24200DE27A5 /* BeerStylesTests */ = {
			isa = PBXNativeTarget;
			buildConfigurationList = 853CB3771B4AD24200DE27A5 /* Build configuration list for PBXNativeTarget "BeerStylesTests" */;
			buildPhases = (
				853CB3661B4AD24200DE27A5 /* Sources */,
				853CB3671B4AD24200DE27A5 /* Frameworks */,
				853CB3681B4AD24200DE27A5 /* Resources */,
			);
			buildRules = (
			);
			dependencies = (
				853CB36C1B4AD24200DE27A5 /* PBXTargetDependency */,
			);
			name = BeerStylesTests;
			productName = BeerStylesTests;
			productReference = 853CB36A1B4AD24200DE27A5 /* BeerStylesTests.xctest */;
			productType = "com.apple.product-type.bundle.unit-test";
		};
/* End PBXNativeTarget section */

/* Begin PBXProject section */
		853CB34A1B4AD24100DE27A5 /* Project object */ = {
			isa = PBXProject;
			attributes = {
				LastUpgradeCheck = 0640;
				ORGANIZATIONNAME = "";
				TargetAttributes = {
					853CB3511B4AD24200DE27A5 = {
						CreatedOnToolsVersion = 6.4;
						DevelopmentTeam = GYJ684Z772;
					};
					853CB3691B4AD24200DE27A5 = {
						CreatedOnToolsVersion = 6.4;
						DevelopmentTeam = GYJ684Z772;
						TestTargetID = 853CB3511B4AD24200DE27A5;
					};
				};
			};
			buildConfigurationList = 853CB34D1B4AD24100DE27A5 /* Build configuration list for PBXProject "BeerStyles" */;
			compatibilityVersion = "Xcode 3.2";
			developmentRegion = English;
			hasScannedForEncodings = 0;
			knownRegions = (
				en,
				Base,
			);
			mainGroup = 853CB3491B4AD24100DE27A5;
			productRefGroup = 853CB3531B4AD24200DE27A5 /* Products */;
			projectDirPath = "";
			projectRoot = "";
			targets = (
				853CB3511B4AD24200DE27A5 /* BeerStyles */,
				853CB3691B4AD24200DE27A5 /* BeerStylesTests */,
			);
		};
/* End PBXProject section */

/* Begin PBXResourcesBuildPhase section */
		853CB3501B4AD24200DE27A5 /* Resources */ = {
			isa = PBXResourcesBuildPhase;
			buildActionMask = 2147483647;
			files = (
				858D535E1B599BE30044F1C7 /* Info.plist in Resources */,
				858D536D1B5D749C0044F1C7 /* LobsterSource.vfb in Resources */,
				858D53641B5D57770044F1C7 /* Localizable.strings in Resources */,
				6378222A1B593C7200163D75 /* bubble.mp3 in Resources */,
				853CB3601B4AD24200DE27A5 /* Main.storyboard in Resources */,
				858D53701B5D749C0044F1C7 /* Readme.txt in Resources */,
				858D536E1B5D749C0044F1C7 /* License.txt in Resources */,
				858D536F1B5D749C0044F1C7 /* Lobster 1.4.otf in Resources */,
				853CB3651B4AD24200DE27A5 /* LaunchScreen.xib in Resources */,
				858D536C1B5D749C0044F1C7 /* Lobster 1.4 merged and optimized.vfb in Resources */,
				853CB3621B4AD24200DE27A5 /* Images.xcassets in Resources */,
				858D53721B5D811E0044F1C7 /* Chunkfive.otf in Resources */,
			);
			runOnlyForDeploymentPostprocessing = 0;
		};
		853CB3681B4AD24200DE27A5 /* Resources */ = {
			isa = PBXResourcesBuildPhase;
			buildActionMask = 2147483647;
			files = (
			);
			runOnlyForDeploymentPostprocessing = 0;
		};
/* End PBXResourcesBuildPhase section */

/* Begin PBXSourcesBuildPhase section */
		853CB34E1B4AD24200DE27A5 /* Sources */ = {
			isa = PBXSourcesBuildPhase;
			buildActionMask = 2147483647;
			files = (
				635727451B549DD500F80934 /* TutorialCollectionViewCell.swift in Sources */,
				63118C4A1B5D392600C64B13 /* GlassesCollectionViewCell.swift in Sources */,
				635727431B549AE600F80934 /* CategoryCollectionViewCell.swift in Sources */,
				673838F61B4EF604003468AE /* ParseManager.swift in Sources */,
				D26E14971B5947850097F975 /* SearchDisplayViewController.swift in Sources */,
				6742724B1B557F220018D7EC /* StyleDetailViewController.swift in Sources */,
				673B0B151B57E17600493344 /* CategotyViewController.swift in Sources */,
				63118C201B5D36C000C64B13 /* GlassesViewController.swift in Sources */,
				853CB3581B4AD24200DE27A5 /* AppDelegate.swift in Sources */,
				63118C1E1B5D369B00C64B13 /* CupsCollectionViewController.swift in Sources */,
				673B0B211B59352800493344 /* UIViewController+Gradient.swift in Sources */,
<<<<<<< HEAD
				63118C1C1B5D369300C64B13 /* NewMenuViewController.swift in Sources */,
=======
				679F465F1B5CFE82002CC18C /* NewMenuViewController.swift in Sources */,
				679F46611B5D519B002CC18C /* SearchTableViewCell.swift in Sources */,
>>>>>>> 7ee38e1c0f03beb40d3b0e20a6f30147d803db86
				635727471B549E0900F80934 /* TutorialCollectionViewController.swift in Sources */,
				674272471B553A520018D7EC /* FatherStyleViewController.swift in Sources */,
				6357273A1B50A31F00F80934 /* MenuCollectionViewCell.swift in Sources */,
				D2F3EA0F1B57F407003D1B14 /* MenuViewController.swift in Sources */,
				673B0B1B1B590B6C00493344 /* GlassViewController.swift in Sources */,
				6357274F1B549EDB00F80934 /* FoodsCollectionViewCell.swift in Sources */,
				674272491B557A7E0018D7EC /* StyleTableViewController.swift in Sources */,
				673B0B1D1B590B8000493344 /* GlassCollectionViewCell.swift in Sources */,
				673B0B1F1B59219D00493344 /* GlassDetailViewController.swift in Sources */,
				6357274B1B549E7100F80934 /* FoodsCollectionViewController.swift in Sources */,
			);
			runOnlyForDeploymentPostprocessing = 0;
		};
		853CB3661B4AD24200DE27A5 /* Sources */ = {
			isa = PBXSourcesBuildPhase;
			buildActionMask = 2147483647;
			files = (
				853CB3711B4AD24200DE27A5 /* BeerStylesTests.swift in Sources */,
			);
			runOnlyForDeploymentPostprocessing = 0;
		};
/* End PBXSourcesBuildPhase section */

/* Begin PBXTargetDependency section */
		853CB36C1B4AD24200DE27A5 /* PBXTargetDependency */ = {
			isa = PBXTargetDependency;
			target = 853CB3511B4AD24200DE27A5 /* BeerStyles */;
			targetProxy = 853CB36B1B4AD24200DE27A5 /* PBXContainerItemProxy */;
		};
/* End PBXTargetDependency section */

/* Begin PBXVariantGroup section */
		853CB35E1B4AD24200DE27A5 /* Main.storyboard */ = {
			isa = PBXVariantGroup;
			children = (
				853CB35F1B4AD24200DE27A5 /* Base */,
				858D535F1B599C910044F1C7 /* pt */,
			);
			name = Main.storyboard;
			sourceTree = "<group>";
		};
		853CB3631B4AD24200DE27A5 /* LaunchScreen.xib */ = {
			isa = PBXVariantGroup;
			children = (
				853CB3641B4AD24200DE27A5 /* Base */,
				858D53601B599C920044F1C7 /* pt */,
			);
			name = LaunchScreen.xib;
			sourceTree = "<group>";
		};
/* End PBXVariantGroup section */

/* Begin XCBuildConfiguration section */
		853CB3721B4AD24200DE27A5 /* Debug */ = {
			isa = XCBuildConfiguration;
			buildSettings = {
				ALWAYS_SEARCH_USER_PATHS = NO;
				CLANG_CXX_LANGUAGE_STANDARD = "gnu++0x";
				CLANG_CXX_LIBRARY = "libc++";
				CLANG_ENABLE_MODULES = YES;
				CLANG_ENABLE_OBJC_ARC = YES;
				CLANG_WARN_BOOL_CONVERSION = YES;
				CLANG_WARN_CONSTANT_CONVERSION = YES;
				CLANG_WARN_DIRECT_OBJC_ISA_USAGE = YES_ERROR;
				CLANG_WARN_EMPTY_BODY = YES;
				CLANG_WARN_ENUM_CONVERSION = YES;
				CLANG_WARN_INT_CONVERSION = YES;
				CLANG_WARN_OBJC_ROOT_CLASS = YES_ERROR;
				CLANG_WARN_UNREACHABLE_CODE = YES;
				CLANG_WARN__DUPLICATE_METHOD_MATCH = YES;
				"CODE_SIGN_IDENTITY[sdk=iphoneos*]" = "iPhone Developer: Matheus Lopes (SEJ8XSVRMX)";
				COPY_PHASE_STRIP = NO;
				DEBUG_INFORMATION_FORMAT = "dwarf-with-dsym";
				ENABLE_STRICT_OBJC_MSGSEND = YES;
				GCC_C_LANGUAGE_STANDARD = gnu99;
				GCC_DYNAMIC_NO_PIC = NO;
				GCC_NO_COMMON_BLOCKS = YES;
				GCC_OPTIMIZATION_LEVEL = 0;
				GCC_PREPROCESSOR_DEFINITIONS = (
					"DEBUG=1",
					"$(inherited)",
				);
				GCC_SYMBOLS_PRIVATE_EXTERN = NO;
				GCC_WARN_64_TO_32_BIT_CONVERSION = YES;
				GCC_WARN_ABOUT_RETURN_TYPE = YES_ERROR;
				GCC_WARN_UNDECLARED_SELECTOR = YES;
				GCC_WARN_UNINITIALIZED_AUTOS = YES_AGGRESSIVE;
				GCC_WARN_UNUSED_FUNCTION = YES;
				GCC_WARN_UNUSED_VARIABLE = YES;
				IPHONEOS_DEPLOYMENT_TARGET = 8.4;
				MTL_ENABLE_DEBUG_INFO = YES;
				ONLY_ACTIVE_ARCH = YES;
				SDKROOT = iphoneos;
				SWIFT_OPTIMIZATION_LEVEL = "-Onone";
			};
			name = Debug;
		};
		853CB3731B4AD24200DE27A5 /* Release */ = {
			isa = XCBuildConfiguration;
			buildSettings = {
				ALWAYS_SEARCH_USER_PATHS = NO;
				CLANG_CXX_LANGUAGE_STANDARD = "gnu++0x";
				CLANG_CXX_LIBRARY = "libc++";
				CLANG_ENABLE_MODULES = YES;
				CLANG_ENABLE_OBJC_ARC = YES;
				CLANG_WARN_BOOL_CONVERSION = YES;
				CLANG_WARN_CONSTANT_CONVERSION = YES;
				CLANG_WARN_DIRECT_OBJC_ISA_USAGE = YES_ERROR;
				CLANG_WARN_EMPTY_BODY = YES;
				CLANG_WARN_ENUM_CONVERSION = YES;
				CLANG_WARN_INT_CONVERSION = YES;
				CLANG_WARN_OBJC_ROOT_CLASS = YES_ERROR;
				CLANG_WARN_UNREACHABLE_CODE = YES;
				CLANG_WARN__DUPLICATE_METHOD_MATCH = YES;
				"CODE_SIGN_IDENTITY[sdk=iphoneos*]" = "iPhone Developer: Matheus Lopes (SEJ8XSVRMX)";
				COPY_PHASE_STRIP = NO;
				DEBUG_INFORMATION_FORMAT = "dwarf-with-dsym";
				ENABLE_NS_ASSERTIONS = NO;
				ENABLE_STRICT_OBJC_MSGSEND = YES;
				GCC_C_LANGUAGE_STANDARD = gnu99;
				GCC_NO_COMMON_BLOCKS = YES;
				GCC_WARN_64_TO_32_BIT_CONVERSION = YES;
				GCC_WARN_ABOUT_RETURN_TYPE = YES_ERROR;
				GCC_WARN_UNDECLARED_SELECTOR = YES;
				GCC_WARN_UNINITIALIZED_AUTOS = YES_AGGRESSIVE;
				GCC_WARN_UNUSED_FUNCTION = YES;
				GCC_WARN_UNUSED_VARIABLE = YES;
				IPHONEOS_DEPLOYMENT_TARGET = 8.4;
				MTL_ENABLE_DEBUG_INFO = NO;
				SDKROOT = iphoneos;
				VALIDATE_PRODUCT = YES;
			};
			name = Release;
		};
		853CB3751B4AD24200DE27A5 /* Debug */ = {
			isa = XCBuildConfiguration;
			buildSettings = {
				ASSETCATALOG_COMPILER_APPICON_NAME = AppIcon;
				CODE_SIGN_IDENTITY = "iPhone Developer";
				"CODE_SIGN_IDENTITY[sdk=iphoneos*]" = "iPhone Developer";
				FRAMEWORK_SEARCH_PATHS = (
					"$(inherited)",
					"$(PROJECT_DIR)/parseFramework",
					"$(PROJECT_DIR)/Controllers/Checkout/beerstyles/BeerStyles/parseFramework",
				);
				INFOPLIST_FILE = BeerStyles/Info.plist;
				LD_RUNPATH_SEARCH_PATHS = "$(inherited) @executable_path/Frameworks";
				PRODUCT_NAME = "$(TARGET_NAME)";
				PROVISIONING_PROFILE = "";
			};
			name = Debug;
		};
		853CB3761B4AD24200DE27A5 /* Release */ = {
			isa = XCBuildConfiguration;
			buildSettings = {
				ASSETCATALOG_COMPILER_APPICON_NAME = AppIcon;
				CODE_SIGN_IDENTITY = "iPhone Developer";
				"CODE_SIGN_IDENTITY[sdk=iphoneos*]" = "iPhone Developer";
				FRAMEWORK_SEARCH_PATHS = (
					"$(inherited)",
					"$(PROJECT_DIR)/parseFramework",
					"$(PROJECT_DIR)/Controllers/Checkout/beerstyles/BeerStyles/parseFramework",
				);
				INFOPLIST_FILE = BeerStyles/Info.plist;
				LD_RUNPATH_SEARCH_PATHS = "$(inherited) @executable_path/Frameworks";
				PRODUCT_NAME = "$(TARGET_NAME)";
				PROVISIONING_PROFILE = "";
			};
			name = Release;
		};
		853CB3781B4AD24200DE27A5 /* Debug */ = {
			isa = XCBuildConfiguration;
			buildSettings = {
				BUNDLE_LOADER = "$(TEST_HOST)";
				CODE_SIGN_IDENTITY = "iPhone Developer";
				"CODE_SIGN_IDENTITY[sdk=iphoneos*]" = "iPhone Developer";
				FRAMEWORK_SEARCH_PATHS = (
					"$(SDKROOT)/Developer/Library/Frameworks",
					"$(inherited)",
				);
				GCC_PREPROCESSOR_DEFINITIONS = (
					"DEBUG=1",
					"$(inherited)",
				);
				INFOPLIST_FILE = BeerStylesTests/Info.plist;
				LD_RUNPATH_SEARCH_PATHS = "$(inherited) @executable_path/Frameworks @loader_path/Frameworks";
				PRODUCT_NAME = "$(TARGET_NAME)";
				PROVISIONING_PROFILE = "";
				TEST_HOST = "$(BUILT_PRODUCTS_DIR)/BeerStyles.app/BeerStyles";
			};
			name = Debug;
		};
		853CB3791B4AD24200DE27A5 /* Release */ = {
			isa = XCBuildConfiguration;
			buildSettings = {
				BUNDLE_LOADER = "$(TEST_HOST)";
				CODE_SIGN_IDENTITY = "iPhone Developer";
				"CODE_SIGN_IDENTITY[sdk=iphoneos*]" = "iPhone Developer";
				FRAMEWORK_SEARCH_PATHS = (
					"$(SDKROOT)/Developer/Library/Frameworks",
					"$(inherited)",
				);
				INFOPLIST_FILE = BeerStylesTests/Info.plist;
				LD_RUNPATH_SEARCH_PATHS = "$(inherited) @executable_path/Frameworks @loader_path/Frameworks";
				PRODUCT_NAME = "$(TARGET_NAME)";
				PROVISIONING_PROFILE = "";
				TEST_HOST = "$(BUILT_PRODUCTS_DIR)/BeerStyles.app/BeerStyles";
			};
			name = Release;
		};
/* End XCBuildConfiguration section */

/* Begin XCConfigurationList section */
		853CB34D1B4AD24100DE27A5 /* Build configuration list for PBXProject "BeerStyles" */ = {
			isa = XCConfigurationList;
			buildConfigurations = (
				853CB3721B4AD24200DE27A5 /* Debug */,
				853CB3731B4AD24200DE27A5 /* Release */,
			);
			defaultConfigurationIsVisible = 0;
			defaultConfigurationName = Release;
		};
		853CB3741B4AD24200DE27A5 /* Build configuration list for PBXNativeTarget "BeerStyles" */ = {
			isa = XCConfigurationList;
			buildConfigurations = (
				853CB3751B4AD24200DE27A5 /* Debug */,
				853CB3761B4AD24200DE27A5 /* Release */,
			);
			defaultConfigurationIsVisible = 0;
			defaultConfigurationName = Release;
		};
		853CB3771B4AD24200DE27A5 /* Build configuration list for PBXNativeTarget "BeerStylesTests" */ = {
			isa = XCConfigurationList;
			buildConfigurations = (
				853CB3781B4AD24200DE27A5 /* Debug */,
				853CB3791B4AD24200DE27A5 /* Release */,
			);
			defaultConfigurationIsVisible = 0;
			defaultConfigurationName = Release;
		};
/* End XCConfigurationList section */
	};
	rootObject = 853CB34A1B4AD24100DE27A5 /* Project object */;
}
